
Microsoft Visual Studio Solution File, Format Version 12.00
# Visual Studio Version 16
VisualStudioVersion = 16.0.31624.102
MinimumVisualStudioVersion = 10.0.40219.1
Project("{FAE04EC0-301F-11D3-BF4B-00C04F79EFBC}") = "lab6", "lab6.csproj", "{DD35D5DD-4E47-4A20-B854-DC01206C271C}"
EndProject
Global
	GlobalSection(SolutionConfigurationPlatforms) = preSolution
		Debug|Any CPU = Debug|Any CPU
		Release|Any CPU = Release|Any CPU
	EndGlobalSection
	GlobalSection(ProjectConfigurationPlatforms) = postSolution
		{DD35D5DD-4E47-4A20-B854-DC01206C271C}.Debug|Any CPU.ActiveCfg = Debug|Any CPU
		{DD35D5DD-4E47-4A20-B854-DC01206C271C}.Debug|Any CPU.Build.0 = Debug|Any CPU
		{DD35D5DD-4E47-4A20-B854-DC01206C271C}.Release|Any CPU.ActiveCfg = Release|Any CPU
		{DD35D5DD-4E47-4A20-B854-DC01206C271C}.Release|Any CPU.Build.0 = Release|Any CPU
	EndGlobalSection
	GlobalSection(SolutionProperties) = preSolution
		HideSolutionNode = FALSE
	EndGlobalSection
	GlobalSection(ExtensibilityGlobals) = postSolution
		SolutionGuid = {FC022C32-E09A-486F-9B38-5B2AFB5F5FCD}
	EndGlobalSection
EndGlobal
