
Microsoft Visual Studio Solution File, Format Version 12.00
# Visual Studio Version 16
VisualStudioVersion = 16.0.31624.102
MinimumVisualStudioVersion = 10.0.40219.1
Project("{FAE04EC0-301F-11D3-BF4B-00C04F79EFBC}") = "lab7_CSharp", "lab7_CSharp.csproj", "{D32B5F13-629A-418A-8C44-99CB9B247AA7}"
EndProject
Global
	GlobalSection(SolutionConfigurationPlatforms) = preSolution
		Debug|Any CPU = Debug|Any CPU
		Release|Any CPU = Release|Any CPU
	EndGlobalSection
	GlobalSection(ProjectConfigurationPlatforms) = postSolution
		{D32B5F13-629A-418A-8C44-99CB9B247AA7}.Debug|Any CPU.ActiveCfg = Debug|Any CPU
		{D32B5F13-629A-418A-8C44-99CB9B247AA7}.Debug|Any CPU.Build.0 = Debug|Any CPU
		{D32B5F13-629A-418A-8C44-99CB9B247AA7}.Release|Any CPU.ActiveCfg = Release|Any CPU
		{D32B5F13-629A-418A-8C44-99CB9B247AA7}.Release|Any CPU.Build.0 = Release|Any CPU
	EndGlobalSection
	GlobalSection(SolutionProperties) = preSolution
		HideSolutionNode = FALSE
	EndGlobalSection
	GlobalSection(ExtensibilityGlobals) = postSolution
		SolutionGuid = {1AFCA284-2847-4D4B-B049-3851B63AD375}
	EndGlobalSection
EndGlobal
